
Microsoft Visual Studio Solution File, Format Version 12.00
# Visual Studio Version 16
VisualStudioVersion = 16.0.34601.136
MinimumVisualStudioVersion = 10.0.40219.1
Project("{FAE04EC0-301F-11D3-BF4B-00C04F79EFBC}") = "clase_persona_herencia1", "clase_persona_herencia1.csproj", "{4FE20A84-DCF9-4733-867A-0295D1AC5C4E}"
EndProject
Global
	GlobalSection(SolutionConfigurationPlatforms) = preSolution
		Debug|Any CPU = Debug|Any CPU
		Release|Any CPU = Release|Any CPU
	EndGlobalSection
	GlobalSection(ProjectConfigurationPlatforms) = postSolution
		{4FE20A84-DCF9-4733-867A-0295D1AC5C4E}.Debug|Any CPU.ActiveCfg = Debug|Any CPU
		{4FE20A84-DCF9-4733-867A-0295D1AC5C4E}.Debug|Any CPU.Build.0 = Debug|Any CPU
		{4FE20A84-DCF9-4733-867A-0295D1AC5C4E}.Release|Any CPU.ActiveCfg = Release|Any CPU
		{4FE20A84-DCF9-4733-867A-0295D1AC5C4E}.Release|Any CPU.Build.0 = Release|Any CPU
	EndGlobalSection
	GlobalSection(SolutionProperties) = preSolution
		HideSolutionNode = FALSE
	EndGlobalSection
	GlobalSection(ExtensibilityGlobals) = postSolution
		SolutionGuid = {BE01D650-D201-45A9-BA46-699BBD416BE3}
	EndGlobalSection
EndGlobal
